// !$*UTF8*$!
{
	archiveVersion = 1;
	classes = {
	};
	objectVersion = 46;
	objects = {

/* Begin PBXBuildFile section */
		A66EA6D51D9A536700883144 /* main.m in Sources */ = {isa = PBXBuildFile; fileRef = A66EA6D41D9A536700883144 /* main.m */; };
		A66EA6D81D9A536700883144 /* AppDelegate.m in Sources */ = {isa = PBXBuildFile; fileRef = A66EA6D71D9A536700883144 /* AppDelegate.m */; };
		A66EA6DE1D9A536700883144 /* Main.storyboard in Resources */ = {isa = PBXBuildFile; fileRef = A66EA6DC1D9A536700883144 /* Main.storyboard */; };
		A66EA6E01D9A536700883144 /* Assets.xcassets in Resources */ = {isa = PBXBuildFile; fileRef = A66EA6DF1D9A536700883144 /* Assets.xcassets */; };
		A66EA6E31D9A536700883144 /* LaunchScreen.storyboard in Resources */ = {isa = PBXBuildFile; fileRef = A66EA6E11D9A536700883144 /* LaunchScreen.storyboard */; };
		A692D8FB1DB8635500187FEA /* JOSiriManager.m in Sources */ = {isa = PBXBuildFile; fileRef = A692D8FA1DB8635500187FEA /* JOSiriManager.m */; };
/* End PBXBuildFile section */

/* Begin PBXFileReference section */
		A66EA6D01D9A536700883144 /* SpeachToText.app */ = {isa = PBXFileReference; explicitFileType = wrapper.application; includeInIndex = 0; path = SpeachToText.app; sourceTree = BUILT_PRODUCTS_DIR; };
		A66EA6D41D9A536700883144 /* main.m */ = {isa = PBXFileReference; lastKnownFileType = sourcecode.c.objc; path = main.m; sourceTree = "<group>"; };
		A66EA6D61D9A536700883144 /* AppDelegate.h */ = {isa = PBXFileReference; lastKnownFileType = sourcecode.c.h; path = AppDelegate.h; sourceTree = "<group>"; };
		A66EA6D71D9A536700883144 /* AppDelegate.m */ = {isa = PBXFileReference; lastKnownFileType = sourcecode.c.objc; path = AppDelegate.m; sourceTree = "<group>"; };
		A66EA6DD1D9A536700883144 /* Base */ = {isa = PBXFileReference; lastKnownFileType = file.storyboard; name = Base; path = Base.lproj/Main.storyboard; sourceTree = "<group>"; };
		A66EA6DF1D9A536700883144 /* Assets.xcassets */ = {isa = PBXFileReference; lastKnownFileType = folder.assetcatalog; path = Assets.xcassets; sourceTree = "<group>"; };
		A66EA6E21D9A536700883144 /* Base */ = {isa = PBXFileReference; lastKnownFileType = file.storyboard; name = Base; path = Base.lproj/LaunchScreen.storyboard; sourceTree = "<group>"; };
		A66EA6E41D9A536700883144 /* Info.plist */ = {isa = PBXFileReference; lastKnownFileType = text.plist.xml; path = Info.plist; sourceTree = "<group>"; };
		A692D8F91DB8635500187FEA /* JOSiriManager.h */ = {isa = PBXFileReference; fileEncoding = 4; lastKnownFileType = sourcecode.c.h; path = JOSiriManager.h; sourceTree = "<group>"; };
		A692D8FA1DB8635500187FEA /* JOSiriManager.m */ = {isa = PBXFileReference; fileEncoding = 4; lastKnownFileType = sourcecode.c.objc; path = JOSiriManager.m; sourceTree = "<group>"; };
/* End PBXFileReference section */

/* Begin PBXFrameworksBuildPhase section */
		A66EA6CD1D9A536700883144 /* Frameworks */ = {
			isa = PBXFrameworksBuildPhase;
			buildActionMask = 2147483647;
			files = (
			);
			runOnlyForDeploymentPostprocessing = 0;
		};
/* End PBXFrameworksBuildPhase section */

/* Begin PBXGroup section */
		A622B91D1D9BA0660010EB59 /* Speach */ = {
			isa = PBXGroup;
			children = (
				A692D8F91DB8635500187FEA /* JOSiriManager.h */,
				A692D8FA1DB8635500187FEA /* JOSiriManager.m */,
			);
			path = Speach;
			sourceTree = "<group>";
		};
		A66EA6C71D9A536700883144 = {
			isa = PBXGroup;
			children = (
				A66EA6D21D9A536700883144 /* SpeachToText */,
				A66EA6D11D9A536700883144 /* Products */,
			);
			sourceTree = "<group>";
		};
		A66EA6D11D9A536700883144 /* Products */ = {
			isa = PBXGroup;
			children = (
				A66EA6D01D9A536700883144 /* SpeachToText.app */,
			);
			name = Products;
			sourceTree = "<group>";
		};
		A66EA6D21D9A536700883144 /* SpeachToText */ = {
			isa = PBXGroup;
			children = (
				A622B91D1D9BA0660010EB59 /* Speach */,
				A66EA6D61D9A536700883144 /* AppDelegate.h */,
				A66EA6D71D9A536700883144 /* AppDelegate.m */,
				A66EA6DC1D9A536700883144 /* Main.storyboard */,
				A66EA6DF1D9A536700883144 /* Assets.xcassets */,
				A66EA6E11D9A536700883144 /* LaunchScreen.storyboard */,
				A66EA6E41D9A536700883144 /* Info.plist */,
				A66EA6D31D9A536700883144 /* Supporting Files */,
			);
			path = SpeachToText;
			sourceTree = "<group>";
		};
		A66EA6D31D9A536700883144 /* Supporting Files */ = {
			isa = PBXGroup;
			children = (
				A66EA6D41D9A536700883144 /* main.m */,
			);
			name = "Supporting Files";
			sourceTree = "<group>";
		};
/* End PBXGroup section */

/* Begin PBXNativeTarget section */
		A66EA6CF1D9A536700883144 /* SpeachToText */ = {
			isa = PBXNativeTarget;
			buildConfigurationList = A66EA6E71D9A536700883144 /* Build configuration list for PBXNativeTarget "SpeachToText" */;
			buildPhases = (
				A66EA6CC1D9A536700883144 /* Sources */,
				A66EA6CD1D9A536700883144 /* Frameworks */,
				A66EA6CE1D9A536700883144 /* Resources */,
			);
			buildRules = (
			);
			dependencies = (
			);
			name = SpeachToText;
			productName = SpeachToText;
			productReference = A66EA6D01D9A536700883144 /* SpeachToText.app */;
			productType = "com.apple.product-type.application";
		};
/* End PBXNativeTarget section */

/* Begin PBXProject section */
		A66EA6C81D9A536700883144 /* Project object */ = {
			isa = PBXProject;
			attributes = {
				LastUpgradeCheck = 0800;
				ORGANIZATIONNAME = JimmyOu;
				TargetAttributes = {
					A66EA6CF1D9A536700883144 = {
						CreatedOnToolsVersion = 8.0;
						DevelopmentTeam = 3G8QFYT436;
						ProvisioningStyle = Automatic;
					};
				};
			};
			buildConfigurationList = A66EA6CB1D9A536700883144 /* Build configuration list for PBXProject "SpeachToText" */;
			compatibilityVersion = "Xcode 3.2";
			developmentRegion = English;
			hasScannedForEncodings = 0;
			knownRegions = (
				en,
				Base,
			);
			mainGroup = A66EA6C71D9A536700883144;
			productRefGroup = A66EA6D11D9A536700883144 /* Products */;
			projectDirPath = "";
			projectRoot = "";
			targets = (
				A66EA6CF1D9A536700883144 /* SpeachToText */,
			);
		};
/* End PBXProject section */

/* Begin PBXResourcesBuildPhase section */
		A66EA6CE1D9A536700883144 /* Resources */ = {
			isa = PBXResourcesBuildPhase;
			buildActionMask = 2147483647;
			files = (
				A66EA6E31D9A536700883144 /* LaunchScreen.storyboard in Resources */,
				A66EA6E01D9A536700883144 /* Assets.xcassets in Resources */,
				A66EA6DE1D9A536700883144 /* Main.storyboard in Resources */,
			);
			runOnlyForDeploymentPostprocessing = 0;
		};
/* End PBXResourcesBuildPhase section */

/* Begin PBXSourcesBuildPhase section */
		A66EA6CC1D9A536700883144 /* Sources */ = {
			isa = PBXSourcesBuildPhase;
			buildActionMask = 2147483647;
			files = (
				A66EA6D81D9A536700883144 /* AppDelegate.m in Sources */,
				A692D8FB1DB8635500187FEA /* JOSiriManager.m in Sources */,
				A66EA6D51D9A536700883144 /* main.m in Sources */,
			);
			runOnlyForDeploymentPostprocessing = 0;
		};
/* End PBXSourcesBuildPhase section */

/* Begin PBXVariantGroup section */
		A66EA6DC1D9A536700883144 /* Main.storyboard */ = {
			isa = PBXVariantGroup;
			children = (
				A66EA6DD1D9A536700883144 /* Base */,
			);
			name = Main.storyboard;
			sourceTree = "<group>";
		};
		A66EA6E11D9A536700883144 /* LaunchScreen.storyboard */ = {
			isa = PBXVariantGroup;
			children = (
				A66EA6E21D9A536700883144 /* Base */,
			);
			name = LaunchScreen.storyboard;
			sourceTree = "<group>";
		};
/* End PBXVariantGroup section */

/* Begin XCBuildConfiguration section */
		A66EA6E51D9A536700883144 /* Debug */ = {
			isa = XCBuildConfiguration;
			buildSettings = {
				ALWAYS_SEARCH_USER_PATHS = NO;
				CLANG_ANALYZER_NONNULL = YES;
				CLANG_CXX_LANGUAGE_STANDARD = "gnu++0x";
				CLANG_CXX_LIBRARY = "libc++";
				CLANG_ENABLE_MODULES = YES;
				CLANG_ENABLE_OBJC_ARC = YES;
				CLANG_WARN_BOOL_CONVERSION = YES;
				CLANG_WARN_CONSTANT_CONVERSION = YES;
				CLANG_WARN_DIRECT_OBJC_ISA_USAGE = YES_ERROR;
				CLANG_WARN_DOCUMENTATION_COMMENTS = YES;
				CLANG_WARN_EMPTY_BODY = YES;
				CLANG_WARN_ENUM_CONVERSION = YES;
				CLANG_WARN_INFINITE_RECURSION = YES;
				CLANG_WARN_INT_CONVERSION = YES;
				CLANG_WARN_OBJC_ROOT_CLASS = YES_ERROR;
				CLANG_WARN_SUSPICIOUS_MOVES = YES;
				CLANG_WARN_UNREACHABLE_CODE = YES;
				CLANG_WARN__DUPLICATE_METHOD_MATCH = YES;
				"CODE_SIGN_IDENTITY[sdk=iphoneos*]" = "iPhone Developer";
				COPY_PHASE_STRIP = NO;
				DEBUG_INFORMATION_FORMAT = dwarf;
				ENABLE_STRICT_OBJC_MSGSEND = YES;
				ENABLE_TESTABILITY = YES;
				GCC_C_LANGUAGE_STANDARD = gnu99;
				GCC_DYNAMIC_NO_PIC = NO;
				GCC_NO_COMMON_BLOCKS = YES;
				GCC_OPTIMIZATION_LEVEL = 0;
				GCC_PREPROCESSOR_DEFINITIONS = (
					"DEBUG=1",
					"$(inherited)",
				);
				GCC_WARN_64_TO_32_BIT_CONVERSION = YES;
				GCC_WARN_ABOUT_RETURN_TYPE = YES_ERROR;
				GCC_WARN_UNDECLARED_SELECTOR = YES;
				GCC_WARN_UNINITIALIZED_AUTOS = YES_AGGRESSIVE;
				GCC_WARN_UNUSED_FUNCTION = YES;
				GCC_WARN_UNUSED_VARIABLE = YES;
				IPHONEOS_DEPLOYMENT_TARGET = 10.0;
				MTL_ENABLE_DEBUG_INFO = YES;
				ONLY_ACTIVE_ARCH = YES;
				SDKROOT = iphoneos;
				TARGETED_DEVICE_FAMILY = "1,2";
			};
			name = Debug;
		};
		A66EA6E61D9A536700883144 /* Release */ = {
			isa = XCBuildConfiguration;
			buildSettings = {
				ALWAYS_SEARCH_USER_PATHS = NO;
				CLANG_ANALYZER_NONNULL = YES;
				CLANG_CXX_LANGUAGE_STANDARD = "gnu++0x";
				CLANG_CXX_LIBRARY = "libc++";
				CLANG_ENABLE_MODULES = YES;
				CLANG_ENABLE_OBJC_ARC = YES;
				CLANG_WARN_BOOL_CONVERSION = YES;
				CLANG_WARN_CONSTANT_CONVERSION = YES;
				CLANG_WARN_DIRECT_OBJC_ISA_USAGE = YES_ERROR;
				CLANG_WARN_DOCUMENTATION_COMMENTS = YES;
				CLANG_WARN_EMPTY_BODY = YES;
				CLANG_WARN_ENUM_CONVERSION = YES;
				CLANG_WARN_INFINITE_RECURSION = YES;
				CLANG_WARN_INT_CONVERSION = YES;
				CLANG_WARN_OBJC_ROOT_CLASS = YES_ERROR;
				CLANG_WARN_SUSPICIOUS_MOVES = YES;
				CLANG_WARN_UNREACHABLE_CODE = YES;
				CLANG_WARN__DUPLICATE_METHOD_MATCH = YES;
				"CODE_SIGN_IDENTITY[sdk=iphoneos*]" = "iPhone Developer";
				COPY_PHASE_STRIP = NO;
				DEBUG_INFORMATION_FORMAT = "dwarf-with-dsym";
				ENABLE_NS_ASSERTIONS = NO;
				ENABLE_STRICT_OBJC_MSGSEND = YES;
				GCC_C_LANGUAGE_STANDARD = gnu99;
				GCC_NO_COMMON_BLOCKS = YES;
				GCC_WARN_64_TO_32_BIT_CONVERSION = YES;
				GCC_WARN_ABOUT_RETURN_TYPE = YES_ERROR;
				GCC_WARN_UNDECLARED_SELECTOR = YES;
				GCC_WARN_UNINITIALIZED_AUTOS = YES_AGGRESSIVE;
				GCC_WARN_UNUSED_FUNCTION = YES;
				GCC_WARN_UNUSED_VARIABLE = YES;
				IPHONEOS_DEPLOYMENT_TARGET = 10.0;
				MTL_ENABLE_DEBUG_INFO = NO;
				SDKROOT = iphoneos;
				TARGETED_DEVICE_FAMILY = "1,2";
				VALIDATE_PRODUCT = YES;
			};
			name = Release;
		};
		A66EA6E81D9A536700883144 /* Debug */ = {
			isa = XCBuildConfiguration;
			buildSettings = {
				ASSETCATALOG_COMPILER_APPICON_NAME = AppIcon;
				DEVELOPMENT_TEAM = 3G8QFYT436;
				INFOPLIST_FILE = SpeachToText/Info.plist;
				LD_RUNPATH_SEARCH_PATHS = "$(inherited) @executable_path/Frameworks";
				PRODUCT_BUNDLE_IDENTIFIER = com.JimmyOu.SpeachToText;
				PRODUCT_NAME = "$(TARGET_NAME)";
			};
			name = Debug;
		};
		A66EA6E91D9A536700883144 /* Release */ = {
			isa = XCBuildConfiguration;
			buildSettings = {
				ASSETCATALOG_COMPILER_APPICON_NAME = AppIcon;
				DEVELOPMENT_TEAM = 3G8QFYT436;
				INFOPLIST_FILE = SpeachToText/Info.plist;
				LD_RUNPATH_SEARCH_PATHS = "$(inherited) @executable_path/Frameworks";
				PRODUCT_BUNDLE_IDENTIFIER = com.JimmyOu.SpeachToText;
				PRODUCT_NAME = "$(TARGET_NAME)";
			};
			name = Release;
		};
/* End XCBuildConfiguration section */

/* Begin XCConfigurationList section */
		A66EA6CB1D9A536700883144 /* Build configuration list for PBXProject "SpeachToText" */ = {
			isa = XCConfigurationList;
			buildConfigurations = (
				A66EA6E51D9A536700883144 /* Debug */,
				A66EA6E61D9A536700883144 /* Release */,
			);
			defaultConfigurationIsVisible = 0;
			defaultConfigurationName = Release;
		};
		A66EA6E71D9A536700883144 /* Build configuration list for PBXNativeTarget "SpeachToText" */ = {
			isa = XCConfigurationList;
			buildConfigurations = (
				A66EA6E81D9A536700883144 /* Debug */,
				A66EA6E91D9A536700883144 /* Release */,
			);
			defaultConfigurationIsVisible = 0;
			defaultConfigurationName = Release;
		};
/* End XCConfigurationList section */
	};
	rootObject = A66EA6C81D9A536700883144 /* Project object */;
}
